{
  "name": "bayoudgui",
  "version": "1.0.0",
  "lockfileVersion": 1,
  "requires": true,
  "dependencies": {
    "node-gui": {
      "version": "1.0.2",
      "resolved": "https://registry.npmjs.org/node-gui/-/node-gui-1.0.2.tgz",
      "integrity": "sha1-DhFEaYOypAm/5EbvgqB+YtxWxC4="
    }
  }
}
